
Microsoft Visual Studio Solution File, Format Version 12.00
# Visual Studio Version 16
VisualStudioVersion = 16.0.29411.108
MinimumVisualStudioVersion = 10.0.40219.1
Project("{FAE04EC0-301F-11D3-BF4B-00C04F79EFBC}") = "Garage2", "Garage2\Garage2.csproj", "{82D1472C-D806-4730-8D25-767E41F2B501}"
EndProject
Project("{FAE04EC0-301F-11D3-BF4B-00C04F79EFBC}") = "Garage2.Tests", "Garage2.Tests\Garage2.Tests.csproj", "{513D7E24-136B-45AA-BD40-C8B23C9AE32E}"
EndProject
Global
	GlobalSection(SolutionConfigurationPlatforms) = preSolution
		Debug|Any CPU = Debug|Any CPU
		Release|Any CPU = Release|Any CPU
	EndGlobalSection
	GlobalSection(ProjectConfigurationPlatforms) = postSolution
		{82D1472C-D806-4730-8D25-767E41F2B501}.Debug|Any CPU.ActiveCfg = Debug|Any CPU
		{82D1472C-D806-4730-8D25-767E41F2B501}.Debug|Any CPU.Build.0 = Debug|Any CPU
		{82D1472C-D806-4730-8D25-767E41F2B501}.Release|Any CPU.ActiveCfg = Release|Any CPU
		{82D1472C-D806-4730-8D25-767E41F2B501}.Release|Any CPU.Build.0 = Release|Any CPU
		{513D7E24-136B-45AA-BD40-C8B23C9AE32E}.Debug|Any CPU.ActiveCfg = Debug|Any CPU
		{513D7E24-136B-45AA-BD40-C8B23C9AE32E}.Debug|Any CPU.Build.0 = Debug|Any CPU
		{513D7E24-136B-45AA-BD40-C8B23C9AE32E}.Release|Any CPU.ActiveCfg = Release|Any CPU
		{513D7E24-136B-45AA-BD40-C8B23C9AE32E}.Release|Any CPU.Build.0 = Release|Any CPU
	EndGlobalSection
	GlobalSection(SolutionProperties) = preSolution
		HideSolutionNode = FALSE
	EndGlobalSection
	GlobalSection(ExtensibilityGlobals) = postSolution
		SolutionGuid = {5D89AF3B-98B0-4586-88F2-0AD3E76253B1}
	EndGlobalSection
EndGlobal
